
Microsoft Visual Studio Solution File, Format Version 12.00
# Visual Studio Version 17
VisualStudioVersion = 17.1.32210.238
MinimumVisualStudioVersion = 10.0.40219.1
Project("{FAE04EC0-301F-11D3-BF4B-00C04F79EFBC}") = "QuanLyNhanSu", "QuanLyNhanSu\QuanLyNhanSu.csproj", "{8C86A18D-846A-4FC4-B5D0-7580461D1A9A}"
EndProject
Global
	GlobalSection(SolutionConfigurationPlatforms) = preSolution
		Debug|Any CPU = Debug|Any CPU
		Release|Any CPU = Release|Any CPU
	EndGlobalSection
	GlobalSection(ProjectConfigurationPlatforms) = postSolution
		{8C86A18D-846A-4FC4-B5D0-7580461D1A9A}.Debug|Any CPU.ActiveCfg = Debug|Any CPU
		{8C86A18D-846A-4FC4-B5D0-7580461D1A9A}.Debug|Any CPU.Build.0 = Debug|Any CPU
		{8C86A18D-846A-4FC4-B5D0-7580461D1A9A}.Release|Any CPU.ActiveCfg = Release|Any CPU
		{8C86A18D-846A-4FC4-B5D0-7580461D1A9A}.Release|Any CPU.Build.0 = Release|Any CPU
	EndGlobalSection
	GlobalSection(SolutionProperties) = preSolution
		HideSolutionNode = FALSE
	EndGlobalSection
	GlobalSection(ExtensibilityGlobals) = postSolution
		SolutionGuid = {18E30612-AC5C-4D67-992C-F06B02545160}
	EndGlobalSection
EndGlobal
